PODS:
  - ZegoExpressEngine (2.18.1):
    - ZegoExpressEngine/Video (= 2.18.1)
  - ZegoExpressEngine/Video (2.18.1)
  - ZegoToken (1.0.1)

DEPENDENCIES:
  - ZegoExpressEngine
  - ZegoToken

SPEC REPOS:
  trunk:
    - ZegoExpressEngine
    - ZegoToken

SPEC CHECKSUMS:
  ZegoExpressEngine: 55dd43c5b4c088f68fd159a44588ccd488db70e5
  ZegoToken: 70d4c05adac064dc918826fe73a64fa2ed21f99d

PODFILE CHECKSUM: 194d7c788faf1ae8b6e74d94faa613dccd2cab92

COCOAPODS: 1.11.3
